{
  "lockfile_version": "1",
  "packages": {
    "bogofilter@latest": {
      "last_modified": "2024-10-13T23:44:06Z",
      "resolved": "github:NixOS/nixpkgs/d4f247e89f6e10120f911e2e2d2254a050d0f732#bogofilter",
      "source": "devbox-search",
      "version": "1.2.5",
      "systems": {
        "aarch64-linux": {
          "outputs": [
            {
              "name": "out",
              "path": "/nix/store/kqkjq93k05grir88fjlhfmpkzs5zhsyk-bogofilter-1.2.5",
              "default": true
            }
          ],
          "store_path": "/nix/store/kqkjq93k05grir88fjlhfmpkzs5zhsyk-bogofilter-1.2.5"
        },
        "x86_64-linux": {
          "outputs": [
            {
              "name": "out",
              "path": "/nix/store/71k3h417s048xjnn80439j1cx13dy33r-bogofilter-1.2.5",
              "default": true
            }
          ],
          "store_path": "/nix/store/71k3h417s048xjnn80439j1cx13dy33r-bogofilter-1.2.5"
        }
      }
    },
    "glibcLocales@latest": {
      "last_modified": "2024-10-13T23:44:06Z",
      "resolved": "github:NixOS/nixpkgs/d4f247e89f6e10120f911e2e2d2254a050d0f732#glibcLocales",
      "source": "devbox-search",
      "version": "2.40-36",
      "systems": {
        "aarch64-linux": {
          "outputs": [
            {
              "name": "out",
              "path": "/nix/store/nscqaw8kyv5470vspm7zjacc5vmpa1mq-glibc-locales-2.40-36",
              "default": true
            }
          ],
          "store_path": "/nix/store/nscqaw8kyv5470vspm7zjacc5vmpa1mq-glibc-locales-2.40-36"
        },
        "x86_64-linux": {
          "outputs": [
            {
              "name": "out",
              "path": "/nix/store/px8cvmxycca75kfbk5w4anlnqkbip773-glibc-locales-2.40-36",
              "default": true
            }
          ],
          "store_path": "/nix/store/px8cvmxycca75kfbk5w4anlnqkbip773-glibc-locales-2.40-36"
        }
      }
    },
    "postgresql@16": {
      "last_modified": "2024-11-07T05:50:23Z",
      "plugin_version": "0.0.2",
      "resolved": "github:NixOS/nixpkgs/85f7e662eda4fa3a995556527c87b2524b691933#postgresql",
      "source": "devbox-search",
      "version": "16.4",
      "systems": {
        "aarch64-darwin": {
          "outputs": [
            {
              "name": "out",
              "path": "/nix/store/njzzxcv9qbvpc3as73zynk8i30qlfkyk-postgresql-16.4",
              "default": true
            },
            {
              "name": "man",
              "path": "/nix/store/vm90nyq3v42gka36vfxgyvbsqgavf30h-postgresql-16.4-man",
              "default": true
            },
            {
              "name": "dev",
              "path": "/nix/store/7dlym60qc7jmhm8d44f7dsnaghb7xdvk-postgresql-16.4-dev"
            },
            {
              "name": "doc",
              "path": "/nix/store/pqrjg70wwgam8rq48cm1yibk87iy81cg-postgresql-16.4-doc"
            },
            {
              "name": "lib",
              "path": "/nix/store/1n8ppphidl1nprqdnc70jqd9bnnqbhz0-postgresql-16.4-lib"
            }
          ],
          "store_path": "/nix/store/njzzxcv9qbvpc3as73zynk8i30qlfkyk-postgresql-16.4"
        },
        "aarch64-linux": {
          "outputs": [
            {
              "name": "out",
              "path": "/nix/store/h0kz668dqw9c3d4vx4c28ikn4b8hgds4-postgresql-16.4",
              "default": true
            },
            {
              "name": "man",
              "path": "/nix/store/fmkxhxwjfd8v428vbhzhz7myh2d4jx26-postgresql-16.4-man",
              "default": true
            },
            {
              "name": "debug",
              "path": "/nix/store/4b6pzkw3sw3d1xz31ba0h82sk4m9q7ch-postgresql-16.4-debug"
            },
            {
              "name": "dev",
              "path": "/nix/store/nw8xyfklwnp9afjywa89q9v549mdmx9s-postgresql-16.4-dev"
            },
            {
              "name": "doc",
              "path": "/nix/store/w7af6r825fwlgdfr5q8gn906mg5522fb-postgresql-16.4-doc"
            },
            {
              "name": "lib",
              "path": "/nix/store/7kg75r4716xf0pf15igpdcdlczhp981x-postgresql-16.4-lib"
            }
          ],
          "store_path": "/nix/store/h0kz668dqw9c3d4vx4c28ikn4b8hgds4-postgresql-16.4"
        },
        "x86_64-darwin": {
          "outputs": [
            {
              "name": "out",
              "path": "/nix/store/8r8zgm795png9iwbc9sv296d4rvc494a-postgresql-16.4",
              "default": true
            },
            {
              "name": "man",
              "path": "/nix/store/vrbawdhrrvvliqjr0g53804rqrcxnpfq-postgresql-16.4-man",
              "default": true
            },
            {
              "name": "doc",
              "path": "/nix/store/7n6zyhmk7yki0kzfmbxvjjyrb9qskfv8-postgresql-16.4-doc"
            },
            {
              "name": "lib",
              "path": "/nix/store/vdfbff4iad2nv03dzmgpp8axx5n50xmb-postgresql-16.4-lib"
            },
            {
              "name": "dev",
              "path": "/nix/store/mb1x8id6pjm1j2wvbrpmxbnpaj91hvp8-postgresql-16.4-dev"
            }
          ],
          "store_path": "/nix/store/8r8zgm795png9iwbc9sv296d4rvc494a-postgresql-16.4"
        },
        "x86_64-linux": {
          "outputs": [
            {
              "name": "out",
              "path": "/nix/store/wc1a06ip2fajrjkfbw7cvxzw1c949a6g-postgresql-16.4",
              "default": true
            },
            {
              "name": "man",
              "path": "/nix/store/h2kawzk00cnmqvbp860hispl7rr8dyij-postgresql-16.4-man",
              "default": true
            },
            {
              "name": "doc",
              "path": "/nix/store/aimqn571cc15g9dylir4sg9hddsx9vk4-postgresql-16.4-doc"
            },
            {
              "name": "lib",
              "path": "/nix/store/y44iixsj2fd1pcy8ny66809z8r6zlxag-postgresql-16.4-lib"
            },
            {
              "name": "debug",
              "path": "/nix/store/krb6fp58dkx0v1w6ljgsc1q4fa9px38b-postgresql-16.4-debug"
            },
            {
              "name": "dev",
              "path": "/nix/store/a1y4jday73043sr9jdkl45x86fc4bz6b-postgresql-16.4-dev"
            }
          ],
          "store_path": "/nix/store/wc1a06ip2fajrjkfbw7cvxzw1c949a6g-postgresql-16.4"
        }
      }
    }
  }
}
